
Microsoft Visual Studio Solution File, Format Version 12.00
# Visual Studio 14
VisualStudioVersion = 14.0.25420.1
MinimumVisualStudioVersion = 10.0.40219.1
Project("{FAE04EC0-301F-11D3-BF4B-00C04F79EFBC}") = "myOffers.BLL", "myOffers.BLL\myOffers.BLL.csproj", "{D10CA591-3D67-412B-BC5F-A77D661FEF81}"
EndProject
Project("{FAE04EC0-301F-11D3-BF4B-00C04F79EFBC}") = "myOffers.DAL", "myOffers.DAL\myOffers.DAL.csproj", "{C1F5CA64-71AE-43D2-BDC3-E5FE63D7B743}"
EndProject
Project("{FAE04EC0-301F-11D3-BF4B-00C04F79EFBC}") = "misOffertas", "misOffertas\misOffertas.csproj", "{D1D369FE-8EF3-4F9C-A29E-0EF510A49188}"
EndProject
Global
	GlobalSection(SolutionConfigurationPlatforms) = preSolution
		Debug|Any CPU = Debug|Any CPU
		Release|Any CPU = Release|Any CPU
	EndGlobalSection
	GlobalSection(ProjectConfigurationPlatforms) = postSolution
		{D10CA591-3D67-412B-BC5F-A77D661FEF81}.Debug|Any CPU.ActiveCfg = Debug|Any CPU
		{D10CA591-3D67-412B-BC5F-A77D661FEF81}.Debug|Any CPU.Build.0 = Debug|Any CPU
		{D10CA591-3D67-412B-BC5F-A77D661FEF81}.Release|Any CPU.ActiveCfg = Release|Any CPU
		{D10CA591-3D67-412B-BC5F-A77D661FEF81}.Release|Any CPU.Build.0 = Release|Any CPU
		{C1F5CA64-71AE-43D2-BDC3-E5FE63D7B743}.Debug|Any CPU.ActiveCfg = Debug|Any CPU
		{C1F5CA64-71AE-43D2-BDC3-E5FE63D7B743}.Debug|Any CPU.Build.0 = Debug|Any CPU
		{C1F5CA64-71AE-43D2-BDC3-E5FE63D7B743}.Release|Any CPU.ActiveCfg = Release|Any CPU
		{C1F5CA64-71AE-43D2-BDC3-E5FE63D7B743}.Release|Any CPU.Build.0 = Release|Any CPU
		{D1D369FE-8EF3-4F9C-A29E-0EF510A49188}.Debug|Any CPU.ActiveCfg = Debug|Any CPU
		{D1D369FE-8EF3-4F9C-A29E-0EF510A49188}.Debug|Any CPU.Build.0 = Debug|Any CPU
		{D1D369FE-8EF3-4F9C-A29E-0EF510A49188}.Release|Any CPU.ActiveCfg = Release|Any CPU
		{D1D369FE-8EF3-4F9C-A29E-0EF510A49188}.Release|Any CPU.Build.0 = Release|Any CPU
	EndGlobalSection
	GlobalSection(SolutionProperties) = preSolution
		HideSolutionNode = FALSE
	EndGlobalSection
EndGlobal
